
Microsoft Visual Studio Solution File, Format Version 12.00
Project("{FAE04EC0-301F-11D3-BF4B-00C04F79EFBC}") = "GoogleTakeoutDateFix", "GoogleTakeoutDateFix\GoogleTakeoutDateFix.csproj", "{DA155476-D06E-446C-8AEE-B4FB139D89EF}"
EndProject
Project("{FAE04EC0-301F-11D3-BF4B-00C04F79EFBC}") = "CopyMetadata", "CopyMetadata\CopyMetadata.csproj", "{27BFCA25-2E5A-44C3-96F1-1EEFD2D937D5}"
EndProject
Global
	GlobalSection(SolutionConfigurationPlatforms) = preSolution
		Debug|Any CPU = Debug|Any CPU
		Release|Any CPU = Release|Any CPU
	EndGlobalSection
	GlobalSection(ProjectConfigurationPlatforms) = postSolution
		{DA155476-D06E-446C-8AEE-B4FB139D89EF}.Debug|Any CPU.ActiveCfg = Debug|Any CPU
		{DA155476-D06E-446C-8AEE-B4FB139D89EF}.Debug|Any CPU.Build.0 = Debug|Any CPU
		{DA155476-D06E-446C-8AEE-B4FB139D89EF}.Release|Any CPU.ActiveCfg = Release|Any CPU
		{DA155476-D06E-446C-8AEE-B4FB139D89EF}.Release|Any CPU.Build.0 = Release|Any CPU
		{27BFCA25-2E5A-44C3-96F1-1EEFD2D937D5}.Debug|Any CPU.ActiveCfg = Debug|Any CPU
		{27BFCA25-2E5A-44C3-96F1-1EEFD2D937D5}.Debug|Any CPU.Build.0 = Debug|Any CPU
		{27BFCA25-2E5A-44C3-96F1-1EEFD2D937D5}.Release|Any CPU.ActiveCfg = Release|Any CPU
		{27BFCA25-2E5A-44C3-96F1-1EEFD2D937D5}.Release|Any CPU.Build.0 = Release|Any CPU
	EndGlobalSection
EndGlobal
